
Microsoft Visual Studio Solution File, Format Version 12.00
# Visual Studio Version 16
VisualStudioVersion = 16.0.31702.278
MinimumVisualStudioVersion = 10.0.40219.1
Project("{9A19103F-16F7-4668-BE54-9A1E7A4F7556}") = "WebAPI", "WebAPI\WebAPI.csproj", "{42A03660-7ED4-4974-99CA-D15574685E2D}"
EndProject
Project("{9A19103F-16F7-4668-BE54-9A1E7A4F7556}") = "Utilities", "Utilities\Utilities.csproj", "{0DC12EA7-D229-4F7F-9233-3957B79A6ABB}"
EndProject
Project("{9A19103F-16F7-4668-BE54-9A1E7A4F7556}") = "WebAPI.BLL", "WebAPI.BLL\WebAPI.BLL.csproj", "{DF973D7B-C118-421A-A492-06E3F93244A6}"
EndProject
Project("{9A19103F-16F7-4668-BE54-9A1E7A4F7556}") = "WebApp.Domain", "WebApp.Domain\WebApp.Domain.csproj", "{01D0B086-D888-48B2-B4C9-A1B0EE53C16C}"
EndProject
Project("{9A19103F-16F7-4668-BE54-9A1E7A4F7556}") = "WebAPI.DAL", "WebAPI.DAL\WebAPI.DAL.csproj", "{6D3B386A-9924-4752-A030-612A17531291}"
EndProject
Project("{9A19103F-16F7-4668-BE54-9A1E7A4F7556}") = "ConfigManager", "ConfigManager\ConfigManager.csproj", "{ACAC0765-77AE-40E3-B27A-E9CF103C24FD}"
EndProject
Project("{FAE04EC0-301F-11D3-BF4B-00C04F79EFBC}") = "SqlEncryption", "SqlEncryption\SqlEncryption.csproj", "{2CBA09B6-B61E-4CAF-BBFF-99FA4E48CE30}"
EndProject
Project("{FAE04EC0-301F-11D3-BF4B-00C04F79EFBC}") = "EmailScheduler", "EmailScheduler\EmailScheduler.csproj", "{089B9E89-64A1-4689-96F0-2A83B029187B}"
EndProject
Project("{FAE04EC0-301F-11D3-BF4B-00C04F79EFBC}") = "Test.ConsoleApp", "Test.ConsoleApp\Test.ConsoleApp.csproj", "{3BD1917B-2497-41BD-9D7E-BF24205547DB}"
EndProject
Global
	GlobalSection(SolutionConfigurationPlatforms) = preSolution
		Debug|Any CPU = Debug|Any CPU
		Release|Any CPU = Release|Any CPU
	EndGlobalSection
	GlobalSection(ProjectConfigurationPlatforms) = postSolution
		{42A03660-7ED4-4974-99CA-D15574685E2D}.Debug|Any CPU.ActiveCfg = Debug|Any CPU
		{42A03660-7ED4-4974-99CA-D15574685E2D}.Debug|Any CPU.Build.0 = Debug|Any CPU
		{42A03660-7ED4-4974-99CA-D15574685E2D}.Release|Any CPU.ActiveCfg = Release|Any CPU
		{42A03660-7ED4-4974-99CA-D15574685E2D}.Release|Any CPU.Build.0 = Release|Any CPU
		{0DC12EA7-D229-4F7F-9233-3957B79A6ABB}.Debug|Any CPU.ActiveCfg = Debug|Any CPU
		{0DC12EA7-D229-4F7F-9233-3957B79A6ABB}.Debug|Any CPU.Build.0 = Debug|Any CPU
		{0DC12EA7-D229-4F7F-9233-3957B79A6ABB}.Release|Any CPU.ActiveCfg = Release|Any CPU
		{0DC12EA7-D229-4F7F-9233-3957B79A6ABB}.Release|Any CPU.Build.0 = Release|Any CPU
		{DF973D7B-C118-421A-A492-06E3F93244A6}.Debug|Any CPU.ActiveCfg = Debug|Any CPU
		{DF973D7B-C118-421A-A492-06E3F93244A6}.Debug|Any CPU.Build.0 = Debug|Any CPU
		{DF973D7B-C118-421A-A492-06E3F93244A6}.Release|Any CPU.ActiveCfg = Release|Any CPU
		{DF973D7B-C118-421A-A492-06E3F93244A6}.Release|Any CPU.Build.0 = Release|Any CPU
		{01D0B086-D888-48B2-B4C9-A1B0EE53C16C}.Debug|Any CPU.ActiveCfg = Debug|Any CPU
		{01D0B086-D888-48B2-B4C9-A1B0EE53C16C}.Debug|Any CPU.Build.0 = Debug|Any CPU
		{01D0B086-D888-48B2-B4C9-A1B0EE53C16C}.Release|Any CPU.ActiveCfg = Release|Any CPU
		{01D0B086-D888-48B2-B4C9-A1B0EE53C16C}.Release|Any CPU.Build.0 = Release|Any CPU
		{6D3B386A-9924-4752-A030-612A17531291}.Debug|Any CPU.ActiveCfg = Debug|Any CPU
		{6D3B386A-9924-4752-A030-612A17531291}.Debug|Any CPU.Build.0 = Debug|Any CPU
		{6D3B386A-9924-4752-A030-612A17531291}.Release|Any CPU.ActiveCfg = Release|Any CPU
		{6D3B386A-9924-4752-A030-612A17531291}.Release|Any CPU.Build.0 = Release|Any CPU
		{ACAC0765-77AE-40E3-B27A-E9CF103C24FD}.Debug|Any CPU.ActiveCfg = Debug|Any CPU
		{ACAC0765-77AE-40E3-B27A-E9CF103C24FD}.Debug|Any CPU.Build.0 = Debug|Any CPU
		{ACAC0765-77AE-40E3-B27A-E9CF103C24FD}.Release|Any CPU.ActiveCfg = Release|Any CPU
		{ACAC0765-77AE-40E3-B27A-E9CF103C24FD}.Release|Any CPU.Build.0 = Release|Any CPU
		{2CBA09B6-B61E-4CAF-BBFF-99FA4E48CE30}.Debug|Any CPU.ActiveCfg = Debug|Any CPU
		{2CBA09B6-B61E-4CAF-BBFF-99FA4E48CE30}.Debug|Any CPU.Build.0 = Debug|Any CPU
		{2CBA09B6-B61E-4CAF-BBFF-99FA4E48CE30}.Release|Any CPU.ActiveCfg = Release|Any CPU
		{2CBA09B6-B61E-4CAF-BBFF-99FA4E48CE30}.Release|Any CPU.Build.0 = Release|Any CPU
		{089B9E89-64A1-4689-96F0-2A83B029187B}.Debug|Any CPU.ActiveCfg = Debug|Any CPU
		{089B9E89-64A1-4689-96F0-2A83B029187B}.Debug|Any CPU.Build.0 = Debug|Any CPU
		{089B9E89-64A1-4689-96F0-2A83B029187B}.Release|Any CPU.ActiveCfg = Release|Any CPU
		{089B9E89-64A1-4689-96F0-2A83B029187B}.Release|Any CPU.Build.0 = Release|Any CPU
		{3BD1917B-2497-41BD-9D7E-BF24205547DB}.Debug|Any CPU.ActiveCfg = Debug|Any CPU
		{3BD1917B-2497-41BD-9D7E-BF24205547DB}.Debug|Any CPU.Build.0 = Debug|Any CPU
		{3BD1917B-2497-41BD-9D7E-BF24205547DB}.Release|Any CPU.ActiveCfg = Release|Any CPU
		{3BD1917B-2497-41BD-9D7E-BF24205547DB}.Release|Any CPU.Build.0 = Release|Any CPU
	EndGlobalSection
	GlobalSection(SolutionProperties) = preSolution
		HideSolutionNode = FALSE
	EndGlobalSection
	GlobalSection(ExtensibilityGlobals) = postSolution
		SolutionGuid = {85B96CA5-8BDB-40A2-896E-4EA59804195C}
	EndGlobalSection
EndGlobal
